// !$*UTF8*$!
{
	archiveVersion = 1;
	classes = {
	};
	objectVersion = 46;
	objects = {

/* Begin PBXBuildFile section */
		FA773E3E1D92E2500039B99F /* AppDelegate.swift in Sources */ = {isa = PBXBuildFile; fileRef = FA773E3D1D92E2500039B99F /* AppDelegate.swift */; };
		FA773E401D92E2500039B99F /* ViewController.swift in Sources */ = {isa = PBXBuildFile; fileRef = FA773E3F1D92E2500039B99F /* ViewController.swift */; };
		FA773E431D92E2500039B99F /* Main.storyboard in Resources */ = {isa = PBXBuildFile; fileRef = FA773E411D92E2500039B99F /* Main.storyboard */; };
		FA773E451D92E2500039B99F /* Assets.xcassets in Resources */ = {isa = PBXBuildFile; fileRef = FA773E441D92E2500039B99F /* Assets.xcassets */; };
		FA773E481D92E2500039B99F /* LaunchScreen.storyboard in Resources */ = {isa = PBXBuildFile; fileRef = FA773E461D92E2500039B99F /* LaunchScreen.storyboard */; };
		FA773E531D92E2510039B99F /* KUSDTests.swift in Sources */ = {isa = PBXBuildFile; fileRef = FA773E521D92E2510039B99F /* KUSDTests.swift */; };
		FA773E5E1D92E2510039B99F /* KUSDUITests.swift in Sources */ = {isa = PBXBuildFile; fileRef = FA773E5D1D92E2510039B99F /* KUSDUITests.swift */; };
/* End PBXBuildFile section */

/* Begin PBXContainerItemProxy section */
		FA773E4F1D92E2510039B99F /* PBXContainerItemProxy */ = {
			isa = PBXContainerItemProxy;
			containerPortal = FA773E321D92E2500039B99F /* Project object */;
			proxyType = 1;
			remoteGlobalIDString = FA773E391D92E2500039B99F;
			remoteInfo = KUSD;
		};
		FA773E5A1D92E2510039B99F /* PBXContainerItemProxy */ = {
			isa = PBXContainerItemProxy;
			containerPortal = FA773E321D92E2500039B99F /* Project object */;
			proxyType = 1;
			remoteGlobalIDString = FA773E391D92E2500039B99F;
			remoteInfo = KUSD;
		};
/* End PBXContainerItemProxy section */

/* Begin PBXFileReference section */
		FA773E3A1D92E2500039B99F /* KUSD.app */ = {isa = PBXFileReference; explicitFileType = wrapper.application; includeInIndex = 0; path = KUSD.app; sourceTree = BUILT_PRODUCTS_DIR; };
		FA773E3D1D92E2500039B99F /* AppDelegate.swift */ = {isa = PBXFileReference; lastKnownFileType = sourcecode.swift; path = AppDelegate.swift; sourceTree = "<group>"; };
		FA773E3F1D92E2500039B99F /* ViewController.swift */ = {isa = PBXFileReference; lastKnownFileType = sourcecode.swift; path = ViewController.swift; sourceTree = "<group>"; };
		FA773E421D92E2500039B99F /* Base */ = {isa = PBXFileReference; lastKnownFileType = file.storyboard; name = Base; path = Base.lproj/Main.storyboard; sourceTree = "<group>"; };
		FA773E441D92E2500039B99F /* Assets.xcassets */ = {isa = PBXFileReference; lastKnownFileType = folder.assetcatalog; path = Assets.xcassets; sourceTree = "<group>"; };
		FA773E471D92E2500039B99F /* Base */ = {isa = PBXFileReference; lastKnownFileType = file.storyboard; name = Base; path = Base.lproj/LaunchScreen.storyboard; sourceTree = "<group>"; };
		FA773E491D92E2500039B99F /* Info.plist */ = {isa = PBXFileReference; lastKnownFileType = text.plist.xml; path = Info.plist; sourceTree = "<group>"; };
		FA773E4E1D92E2510039B99F /* KUSDTests.xctest */ = {isa = PBXFileReference; explicitFileType = wrapper.cfbundle; includeInIndex = 0; path = KUSDTests.xctest; sourceTree = BUILT_PRODUCTS_DIR; };
		FA773E521D92E2510039B99F /* KUSDTests.swift */ = {isa = PBXFileReference; lastKnownFileType = sourcecode.swift; path = KUSDTests.swift; sourceTree = "<group>"; };
		FA773E541D92E2510039B99F /* Info.plist */ = {isa = PBXFileReference; lastKnownFileType = text.plist.xml; path = Info.plist; sourceTree = "<group>"; };
		FA773E591D92E2510039B99F /* KUSDUITests.xctest */ = {isa = PBXFileReference; explicitFileType = wrapper.cfbundle; includeInIndex = 0; path = KUSDUITests.xctest; sourceTree = BUILT_PRODUCTS_DIR; };
		FA773E5D1D92E2510039B99F /* KUSDUITests.swift */ = {isa = PBXFileReference; lastKnownFileType = sourcecode.swift; path = KUSDUITests.swift; sourceTree = "<group>"; };
		FA773E5F1D92E2510039B99F /* Info.plist */ = {isa = PBXFileReference; lastKnownFileType = text.plist.xml; path = Info.plist; sourceTree = "<group>"; };
/* End PBXFileReference section */

/* Begin PBXFrameworksBuildPhase section */
		FA773E371D92E2500039B99F /* Frameworks */ = {
			isa = PBXFrameworksBuildPhase;
			buildActionMask = 2147483647;
			files = (
			);
			runOnlyForDeploymentPostprocessing = 0;
		};
		FA773E4B1D92E2510039B99F /* Frameworks */ = {
			isa = PBXFrameworksBuildPhase;
			buildActionMask = 2147483647;
			files = (
			);
			runOnlyForDeploymentPostprocessing = 0;
		};
		FA773E561D92E2510039B99F /* Frameworks */ = {
			isa = PBXFrameworksBuildPhase;
			buildActionMask = 2147483647;
			files = (
			);
			runOnlyForDeploymentPostprocessing = 0;
		};
/* End PBXFrameworksBuildPhase section */

/* Begin PBXGroup section */
		FA773E311D92E2500039B99F = {
			isa = PBXGroup;
			children = (
				FA773E3C1D92E2500039B99F /* KUSD */,
				FA773E511D92E2510039B99F /* KUSDTests */,
				FA773E5C1D92E2510039B99F /* KUSDUITests */,
				FA773E3B1D92E2500039B99F /* Products */,
			);
			sourceTree = "<group>";
		};
		FA773E3B1D92E2500039B99F /* Products */ = {
			isa = PBXGroup;
			children = (
				FA773E3A1D92E2500039B99F /* KUSD.app */,
				FA773E4E1D92E2510039B99F /* KUSDTests.xctest */,
				FA773E591D92E2510039B99F /* KUSDUITests.xctest */,
			);
			name = Products;
			sourceTree = "<group>";
		};
		FA773E3C1D92E2500039B99F /* KUSD */ = {
			isa = PBXGroup;
			children = (
				FA773E3D1D92E2500039B99F /* AppDelegate.swift */,
				FA773E3F1D92E2500039B99F /* ViewController.swift */,
				FA773E411D92E2500039B99F /* Main.storyboard */,
				FA773E441D92E2500039B99F /* Assets.xcassets */,
				FA773E461D92E2500039B99F /* LaunchScreen.storyboard */,
				FA773E491D92E2500039B99F /* Info.plist */,
			);
			path = KUSD;
			sourceTree = "<group>";
		};
		FA773E511D92E2510039B99F /* KUSDTests */ = {
			isa = PBXGroup;
			children = (
				FA773E521D92E2510039B99F /* KUSDTests.swift */,
				FA773E541D92E2510039B99F /* Info.plist */,
			);
			path = KUSDTests;
			sourceTree = "<group>";
		};
		FA773E5C1D92E2510039B99F /* KUSDUITests */ = {
			isa = PBXGroup;
			children = (
				FA773E5D1D92E2510039B99F /* KUSDUITests.swift */,
				FA773E5F1D92E2510039B99F /* Info.plist */,
			);
			path = KUSDUITests;
			sourceTree = "<group>";
		};
/* End PBXGroup section */

/* Begin PBXNativeTarget section */
		FA773E391D92E2500039B99F /* KUSD */ = {
			isa = PBXNativeTarget;
			buildConfigurationList = FA773E621D92E2510039B99F /* Build configuration list for PBXNativeTarget "KUSD" */;
			buildPhases = (
				FA773E361D92E2500039B99F /* Sources */,
				FA773E371D92E2500039B99F /* Frameworks */,
				FA773E381D92E2500039B99F /* Resources */,
			);
			buildRules = (
			);
			dependencies = (
			);
			name = KUSD;
			productName = KUSD;
			productReference = FA773E3A1D92E2500039B99F /* KUSD.app */;
			productType = "com.apple.product-type.application";
		};
		FA773E4D1D92E2510039B99F /* KUSDTests */ = {
			isa = PBXNativeTarget;
			buildConfigurationList = FA773E651D92E2510039B99F /* Build configuration list for PBXNativeTarget "KUSDTests" */;
			buildPhases = (
				FA773E4A1D92E2510039B99F /* Sources */,
				FA773E4B1D92E2510039B99F /* Frameworks */,
				FA773E4C1D92E2510039B99F /* Resources */,
			);
			buildRules = (
			);
			dependencies = (
				FA773E501D92E2510039B99F /* PBXTargetDependency */,
			);
			name = KUSDTests;
			productName = KUSDTests;
			productReference = FA773E4E1D92E2510039B99F /* KUSDTests.xctest */;
			productType = "com.apple.product-type.bundle.unit-test";
		};
		FA773E581D92E2510039B99F /* KUSDUITests */ = {
			isa = PBXNativeTarget;
			buildConfigurationList = FA773E681D92E2510039B99F /* Build configuration list for PBXNativeTarget "KUSDUITests" */;
			buildPhases = (
				FA773E551D92E2510039B99F /* Sources */,
				FA773E561D92E2510039B99F /* Frameworks */,
				FA773E571D92E2510039B99F /* Resources */,
			);
			buildRules = (
			);
			dependencies = (
				FA773E5B1D92E2510039B99F /* PBXTargetDependency */,
			);
			name = KUSDUITests;
			productName = KUSDUITests;
			productReference = FA773E591D92E2510039B99F /* KUSDUITests.xctest */;
			productType = "com.apple.product-type.bundle.ui-testing";
		};
/* End PBXNativeTarget section */

/* Begin PBXProject section */
		FA773E321D92E2500039B99F /* Project object */ = {
			isa = PBXProject;
			attributes = {
				LastSwiftUpdateCheck = 0800;
				LastUpgradeCheck = 0800;
				ORGANIZATIONNAME = "Kenosha Unified School District";
				TargetAttributes = {
					FA773E391D92E2500039B99F = {
						CreatedOnToolsVersion = 8.0;
						ProvisioningStyle = Automatic;
					};
					FA773E4D1D92E2510039B99F = {
						CreatedOnToolsVersion = 8.0;
						ProvisioningStyle = Automatic;
						TestTargetID = FA773E391D92E2500039B99F;
					};
					FA773E581D92E2510039B99F = {
						CreatedOnToolsVersion = 8.0;
						ProvisioningStyle = Automatic;
						TestTargetID = FA773E391D92E2500039B99F;
					};
				};
			};
			buildConfigurationList = FA773E351D92E2500039B99F /* Build configuration list for PBXProject "KUSD" */;
			compatibilityVersion = "Xcode 3.2";
			developmentRegion = English;
			hasScannedForEncodings = 0;
			knownRegions = (
				en,
				Base,
			);
			mainGroup = FA773E311D92E2500039B99F;
			productRefGroup = FA773E3B1D92E2500039B99F /* Products */;
			projectDirPath = "";
			projectRoot = "";
			targets = (
				FA773E391D92E2500039B99F /* KUSD */,
				FA773E4D1D92E2510039B99F /* KUSDTests */,
				FA773E581D92E2510039B99F /* KUSDUITests */,
			);
		};
/* End PBXProject section */

/* Begin PBXResourcesBuildPhase section */
		FA773E381D92E2500039B99F /* Resources */ = {
			isa = PBXResourcesBuildPhase;
			buildActionMask = 2147483647;
			files = (
				FA773E481D92E2500039B99F /* LaunchScreen.storyboard in Resources */,
				FA773E451D92E2500039B99F /* Assets.xcassets in Resources */,
				FA773E431D92E2500039B99F /* Main.storyboard in Resources */,
			);
			runOnlyForDeploymentPostprocessing = 0;
		};
		FA773E4C1D92E2510039B99F /* Resources */ = {
			isa = PBXResourcesBuildPhase;
			buildActionMask = 2147483647;
			files = (
			);
			runOnlyForDeploymentPostprocessing = 0;
		};
		FA773E571D92E2510039B99F /* Resources */ = {
			isa = PBXResourcesBuildPhase;
			buildActionMask = 2147483647;
			files = (
			);
			runOnlyForDeploymentPostprocessing = 0;
		};
/* End PBXResourcesBuildPhase section */

/* Begin PBXSourcesBuildPhase section */
		FA773E361D92E2500039B99F /* Sources */ = {
			isa = PBXSourcesBuildPhase;
			buildActionMask = 2147483647;
			files = (
				FA773E401D92E2500039B99F /* ViewController.swift in Sources */,
				FA773E3E1D92E2500039B99F /* AppDelegate.swift in Sources */,
			);
			runOnlyForDeploymentPostprocessing = 0;
		};
		FA773E4A1D92E2510039B99F /* Sources */ = {
			isa = PBXSourcesBuildPhase;
			buildActionMask = 2147483647;
			files = (
				FA773E531D92E2510039B99F /* KUSDTests.swift in Sources */,
			);
			runOnlyForDeploymentPostprocessing = 0;
		};
		FA773E551D92E2510039B99F /* Sources */ = {
			isa = PBXSourcesBuildPhase;
			buildActionMask = 2147483647;
			files = (
				FA773E5E1D92E2510039B99F /* KUSDUITests.swift in Sources */,
			);
			runOnlyForDeploymentPostprocessing = 0;
		};
/* End PBXSourcesBuildPhase section */

/* Begin PBXTargetDependency section */
		FA773E501D92E2510039B99F /* PBXTargetDependency */ = {
			isa = PBXTargetDependency;
			target = FA773E391D92E2500039B99F /* KUSD */;
			targetProxy = FA773E4F1D92E2510039B99F /* PBXContainerItemProxy */;
		};
		FA773E5B1D92E2510039B99F /* PBXTargetDependency */ = {
			isa = PBXTargetDependency;
			target = FA773E391D92E2500039B99F /* KUSD */;
			targetProxy = FA773E5A1D92E2510039B99F /* PBXContainerItemProxy */;
		};
/* End PBXTargetDependency section */

/* Begin PBXVariantGroup section */
		FA773E411D92E2500039B99F /* Main.storyboard */ = {
			isa = PBXVariantGroup;
			children = (
				FA773E421D92E2500039B99F /* Base */,
			);
			name = Main.storyboard;
			sourceTree = "<group>";
		};
		FA773E461D92E2500039B99F /* LaunchScreen.storyboard */ = {
			isa = PBXVariantGroup;
			children = (
				FA773E471D92E2500039B99F /* Base */,
			);
			name = LaunchScreen.storyboard;
			sourceTree = "<group>";
		};
/* End PBXVariantGroup section */

/* Begin XCBuildConfiguration section */
		FA773E601D92E2510039B99F /* Debug */ = {
			isa = XCBuildConfiguration;
			buildSettings = {
				ALWAYS_SEARCH_USER_PATHS = NO;
				CLANG_ANALYZER_NONNULL = YES;
				CLANG_CXX_LANGUAGE_STANDARD = "gnu++0x";
				CLANG_CXX_LIBRARY = "libc++";
				CLANG_ENABLE_MODULES = YES;
				CLANG_ENABLE_OBJC_ARC = YES;
				CLANG_WARN_BOOL_CONVERSION = YES;
				CLANG_WARN_CONSTANT_CONVERSION = YES;
				CLANG_WARN_DIRECT_OBJC_ISA_USAGE = YES_ERROR;
				CLANG_WARN_DOCUMENTATION_COMMENTS = YES;
				CLANG_WARN_EMPTY_BODY = YES;
				CLANG_WARN_ENUM_CONVERSION = YES;
				CLANG_WARN_INFINITE_RECURSION = YES;
				CLANG_WARN_INT_CONVERSION = YES;
				CLANG_WARN_OBJC_ROOT_CLASS = YES_ERROR;
				CLANG_WARN_SUSPICIOUS_MOVES = YES;
				CLANG_WARN_UNREACHABLE_CODE = YES;
				CLANG_WARN__DUPLICATE_METHOD_MATCH = YES;
				"CODE_SIGN_IDENTITY[sdk=iphoneos*]" = "iPhone Developer";
				COPY_PHASE_STRIP = NO;
				DEBUG_INFORMATION_FORMAT = dwarf;
				ENABLE_STRICT_OBJC_MSGSEND = YES;
				ENABLE_TESTABILITY = YES;
				GCC_C_LANGUAGE_STANDARD = gnu99;
				GCC_DYNAMIC_NO_PIC = NO;
				GCC_NO_COMMON_BLOCKS = YES;
				GCC_OPTIMIZATION_LEVEL = 0;
				GCC_PREPROCESSOR_DEFINITIONS = (
					"DEBUG=1",
					"$(inherited)",
				);
				GCC_WARN_64_TO_32_BIT_CONVERSION = YES;
				GCC_WARN_ABOUT_RETURN_TYPE = YES_ERROR;
				GCC_WARN_UNDECLARED_SELECTOR = YES;
				GCC_WARN_UNINITIALIZED_AUTOS = YES_AGGRESSIVE;
				GCC_WARN_UNUSED_FUNCTION = YES;
				GCC_WARN_UNUSED_VARIABLE = YES;
				IPHONEOS_DEPLOYMENT_TARGET = 10.0;
				MTL_ENABLE_DEBUG_INFO = YES;
				ONLY_ACTIVE_ARCH = YES;
				SDKROOT = iphoneos;
				SWIFT_ACTIVE_COMPILATION_CONDITIONS = DEBUG;
				SWIFT_OPTIMIZATION_LEVEL = "-Onone";
			};
			name = Debug;
		};
		FA773E611D92E2510039B99F /* Release */ = {
			isa = XCBuildConfiguration;
			buildSettings = {
				ALWAYS_SEARCH_USER_PATHS = NO;
				CLANG_ANALYZER_NONNULL = YES;
				CLANG_CXX_LANGUAGE_STANDARD = "gnu++0x";
				CLANG_CXX_LIBRARY = "libc++";
				CLANG_ENABLE_MODULES = YES;
				CLANG_ENABLE_OBJC_ARC = YES;
				CLANG_WARN_BOOL_CONVERSION = YES;
				CLANG_WARN_CONSTANT_CONVERSION = YES;
				CLANG_WARN_DIRECT_OBJC_ISA_USAGE = YES_ERROR;
				CLANG_WARN_DOCUMENTATION_COMMENTS = YES;
				CLANG_WARN_EMPTY_BODY = YES;
				CLANG_WARN_ENUM_CONVERSION = YES;
				CLANG_WARN_INFINITE_RECURSION = YES;
				CLANG_WARN_INT_CONVERSION = YES;
				CLANG_WARN_OBJC_ROOT_CLASS = YES_ERROR;
				CLANG_WARN_SUSPICIOUS_MOVES = YES;
				CLANG_WARN_UNREACHABLE_CODE = YES;
				CLANG_WARN__DUPLICATE_METHOD_MATCH = YES;
				"CODE_SIGN_IDENTITY[sdk=iphoneos*]" = "iPhone Developer";
				COPY_PHASE_STRIP = NO;
				DEBUG_INFORMATION_FORMAT = "dwarf-with-dsym";
				ENABLE_NS_ASSERTIONS = NO;
				ENABLE_STRICT_OBJC_MSGSEND = YES;
				GCC_C_LANGUAGE_STANDARD = gnu99;
				GCC_NO_COMMON_BLOCKS = YES;
				GCC_WARN_64_TO_32_BIT_CONVERSION = YES;
				GCC_WARN_ABOUT_RETURN_TYPE = YES_ERROR;
				GCC_WARN_UNDECLARED_SELECTOR = YES;
				GCC_WARN_UNINITIALIZED_AUTOS = YES_AGGRESSIVE;
				GCC_WARN_UNUSED_FUNCTION = YES;
				GCC_WARN_UNUSED_VARIABLE = YES;
				IPHONEOS_DEPLOYMENT_TARGET = 10.0;
				MTL_ENABLE_DEBUG_INFO = NO;
				SDKROOT = iphoneos;
				SWIFT_OPTIMIZATION_LEVEL = "-Owholemodule";
				VALIDATE_PRODUCT = YES;
			};
			name = Release;
		};
		FA773E631D92E2510039B99F /* Debug */ = {
			isa = XCBuildConfiguration;
			buildSettings = {
				ASSETCATALOG_COMPILER_APPICON_NAME = AppIcon;
				INFOPLIST_FILE = KUSD/Info.plist;
				IPHONEOS_DEPLOYMENT_TARGET = 8.0;
				LD_RUNPATH_SEARCH_PATHS = "$(inherited) @executable_path/Frameworks";
				PRODUCT_BUNDLE_IDENTIFIER = KUSD.KUSD;
				PRODUCT_NAME = "$(TARGET_NAME)";
				SWIFT_VERSION = 3.0;
			};
			name = Debug;
		};
		FA773E641D92E2510039B99F /* Release */ = {
			isa = XCBuildConfiguration;
			buildSettings = {
				ASSETCATALOG_COMPILER_APPICON_NAME = AppIcon;
				INFOPLIST_FILE = KUSD/Info.plist;
				IPHONEOS_DEPLOYMENT_TARGET = 8.0;
				LD_RUNPATH_SEARCH_PATHS = "$(inherited) @executable_path/Frameworks";
				PRODUCT_BUNDLE_IDENTIFIER = KUSD.KUSD;
				PRODUCT_NAME = "$(TARGET_NAME)";
				SWIFT_VERSION = 3.0;
			};
			name = Release;
		};
		FA773E661D92E2510039B99F /* Debug */ = {
			isa = XCBuildConfiguration;
			buildSettings = {
				ALWAYS_EMBED_SWIFT_STANDARD_LIBRARIES = YES;
				BUNDLE_LOADER = "$(TEST_HOST)";
				INFOPLIST_FILE = KUSDTests/Info.plist;
				LD_RUNPATH_SEARCH_PATHS = "$(inherited) @executable_path/Frameworks @loader_path/Frameworks";
				PRODUCT_BUNDLE_IDENTIFIER = KUSD.KUSDTests;
				PRODUCT_NAME = "$(TARGET_NAME)";
				SWIFT_VERSION = 3.0;
				TEST_HOST = "$(BUILT_PRODUCTS_DIR)/KUSD.app/KUSD";
			};
			name = Debug;
		};
		FA773E671D92E2510039B99F /* Release */ = {
			isa = XCBuildConfiguration;
			buildSettings = {
				ALWAYS_EMBED_SWIFT_STANDARD_LIBRARIES = YES;
				BUNDLE_LOADER = "$(TEST_HOST)";
				INFOPLIST_FILE = KUSDTests/Info.plist;
				LD_RUNPATH_SEARCH_PATHS = "$(inherited) @executable_path/Frameworks @loader_path/Frameworks";
				PRODUCT_BUNDLE_IDENTIFIER = KUSD.KUSDTests;
				PRODUCT_NAME = "$(TARGET_NAME)";
				SWIFT_VERSION = 3.0;
				TEST_HOST = "$(BUILT_PRODUCTS_DIR)/KUSD.app/KUSD";
			};
			name = Release;
		};
		FA773E691D92E2510039B99F /* Debug */ = {
			isa = XCBuildConfiguration;
			buildSettings = {
				ALWAYS_EMBED_SWIFT_STANDARD_LIBRARIES = YES;
				INFOPLIST_FILE = KUSDUITests/Info.plist;
				LD_RUNPATH_SEARCH_PATHS = "$(inherited) @executable_path/Frameworks @loader_path/Frameworks";
				PRODUCT_BUNDLE_IDENTIFIER = KUSD.KUSDUITests;
				PRODUCT_NAME = "$(TARGET_NAME)";
				SWIFT_VERSION = 3.0;
				TEST_TARGET_NAME = KUSD;
			};
			name = Debug;
		};
		FA773E6A1D92E2510039B99F /* Release */ = {
			isa = XCBuildConfiguration;
			buildSettings = {
				ALWAYS_EMBED_SWIFT_STANDARD_LIBRARIES = YES;
				INFOPLIST_FILE = KUSDUITests/Info.plist;
				LD_RUNPATH_SEARCH_PATHS = "$(inherited) @executable_path/Frameworks @loader_path/Frameworks";
				PRODUCT_BUNDLE_IDENTIFIER = KUSD.KUSDUITests;
				PRODUCT_NAME = "$(TARGET_NAME)";
				SWIFT_VERSION = 3.0;
				TEST_TARGET_NAME = KUSD;
			};
			name = Release;
		};
/* End XCBuildConfiguration section */

/* Begin XCConfigurationList section */
		FA773E351D92E2500039B99F /* Build configuration list for PBXProject "KUSD" */ = {
			isa = XCConfigurationList;
			buildConfigurations = (
				FA773E601D92E2510039B99F /* Debug */,
				FA773E611D92E2510039B99F /* Release */,
			);
			defaultConfigurationIsVisible = 0;
			defaultConfigurationName = Release;
		};
		FA773E621D92E2510039B99F /* Build configuration list for PBXNativeTarget "KUSD" */ = {
			isa = XCConfigurationList;
			buildConfigurations = (
				FA773E631D92E2510039B99F /* Debug */,
				FA773E641D92E2510039B99F /* Release */,
			);
			defaultConfigurationIsVisible = 0;
		};
		FA773E651D92E2510039B99F /* Build configuration list for PBXNativeTarget "KUSDTests" */ = {
			isa = XCConfigurationList;
			buildConfigurations = (
				FA773E661D92E2510039B99F /* Debug */,
				FA773E671D92E2510039B99F /* Release */,
			);
			defaultConfigurationIsVisible = 0;
		};
		FA773E681D92E2510039B99F /* Build configuration list for PBXNativeTarget "KUSDUITests" */ = {
			isa = XCConfigurationList;
			buildConfigurations = (
				FA773E691D92E2510039B99F /* Debug */,
				FA773E6A1D92E2510039B99F /* Release */,
			);
			defaultConfigurationIsVisible = 0;
		};
/* End XCConfigurationList section */
	};
	rootObject = FA773E321D92E2500039B99F /* Project object */;
}
