// !$*UTF8*$!
{
	archiveVersion = 1;
	classes = {
	};
	objectVersion = 46;
	objects = {

/* Begin PBXBuildFile section */

		C225A5E71DA9B244007CEEB8 /* Extensions.swift in Sources */ = {isa = PBXBuildFile; fileRef = C225A5E61DA9B244007CEEB8 /* Extensions.swift */; };
		C225A5E91DA9B254007CEEB8 /* CollapsibleTableViewHeader.swift in Sources */ = {isa = PBXBuildFile; fileRef = C225A5E81DA9B254007CEEB8 /* CollapsibleTableViewHeader.swift */; };
		C225A5EB1DA9B25A007CEEB8 /* CollapsibleTableViewController.swift in Sources */ = {isa = PBXBuildFile; fileRef = C225A5EA1DA9B25A007CEEB8 /* CollapsibleTableViewController.swift */; };
		C2CE038D1DA73609002581C4 /* LunchPDFViewController.swift in Sources */ = {isa = PBXBuildFile; fileRef = C2CE038C1DA73609002581C4 /* LunchPDFViewController.swift */; };
		C2E313CE1DAB38E200E9A91F /* Lunch.storyboard in Resources */ = {isa = PBXBuildFile; fileRef = C2E313CC1DAB38E200E9A91F /* Lunch.storyboard */; };
		138EF591910EFD9D3EE799BC /* Pods_kusd.framework in Frameworks */ = {isa = PBXBuildFile; fileRef = 49B6E33982561F84FAB6F0EB /* Pods_kusd.framework */; };
		5CF0E8F33567778E953F73CA /* Pods_kusdUITests.framework in Frameworks */ = {isa = PBXBuildFile; fileRef = ADD4F9750C297A9C7074304D /* Pods_kusdUITests.framework */; };
		C94BAF23B85DDAFCE409D070 /* Pods_kusdTests.framework in Frameworks */ = {isa = PBXBuildFile; fileRef = FE0BCEEA0CD850DAD74D398F /* Pods_kusdTests.framework */; };
		FA0B11261DA0771A00ACCE92 /* NewsTableViewController.swift in Sources */ = {isa = PBXBuildFile; fileRef = FA0B11251DA0771A00ACCE92 /* NewsTableViewController.swift */; };
		FA4BAD3B1D9C0A1D00B24F28 /* CollectionViewCell.swift in Sources */ = {isa = PBXBuildFile; fileRef = FA4BAD3A1D9C0A1D00B24F28 /* CollectionViewCell.swift */; };
		FA6FE3081DA2FDD2005A08A9 /* NewsPageViewController.swift in Sources */ = {isa = PBXBuildFile; fileRef = FA6FE3071DA2FDD2005A08A9 /* NewsPageViewController.swift */; };
		FA6FE30B1DA3003E005A08A9 /* News.swift in Sources */ = {isa = PBXBuildFile; fileRef = FA6FE30A1DA3003E005A08A9 /* News.swift */; };
		FA7074A21DA9C5320031244D /* News.storyboard in Resources */ = {isa = PBXBuildFile; fileRef = FA7074A01DA9C5320031244D /* News.storyboard */; };
		FAA3461D1D9B0608002D9F17 /* AppDelegate.swift in Sources */ = {isa = PBXBuildFile; fileRef = FAA3461C1D9B0608002D9F17 /* AppDelegate.swift */; };
		FAA346221D9B0608002D9F17 /* Main.storyboard in Resources */ = {isa = PBXBuildFile; fileRef = FAA346201D9B0608002D9F17 /* Main.storyboard */; };
		FAA346271D9B0608002D9F17 /* LaunchScreen.storyboard in Resources */ = {isa = PBXBuildFile; fileRef = FAA346251D9B0608002D9F17 /* LaunchScreen.storyboard */; };
		FAA346321D9B0608002D9F17 /* kusdTests.swift in Sources */ = {isa = PBXBuildFile; fileRef = FAA346311D9B0608002D9F17 /* kusdTests.swift */; };
		FAA3463D1D9B0608002D9F17 /* kusdUITests.swift in Sources */ = {isa = PBXBuildFile; fileRef = FAA3463C1D9B0608002D9F17 /* kusdUITests.swift */; };
		FAAA516A1D9B36AC00606FFF /* Media.xcassets in Resources */ = {isa = PBXBuildFile; fileRef = FAAA51691D9B36AC00606FFF /* Media.xcassets */; };
		FAAA516C1D9B5ADC00606FFF /* HomePageViewController.swift in Sources */ = {isa = PBXBuildFile; fileRef = FAAA516B1D9B5ADC00606FFF /* HomePageViewController.swift */; };
		FAAA516E1D9B5BC600606FFF /* CollectionViewController.swift in Sources */ = {isa = PBXBuildFile; fileRef = FAAA516D1D9B5BC600606FFF /* CollectionViewController.swift */; };
		FABC5E751DA733E000864611 /* Story.swift in Sources */ = {isa = PBXBuildFile; fileRef = FABC5E741DA733E000864611 /* Story.swift */; };

		FAE5E2ED1DAC783900859085 /* NewsTableViewCell.swift in Sources */ = {isa = PBXBuildFile; fileRef = FAE5E2EC1DAC783900859085 /* NewsTableViewCell.swift */; };
		FD0E53481DA3362300263888 /* PDFCell.swift in Sources */ = {isa = PBXBuildFile; fileRef = FD0E53471DA3362300263888 /* PDFCell.swift */; };
		FD690D611DAAC9CF00A9C9D3 /* PDFButtonViewController.swift in Sources */ = {isa = PBXBuildFile; fileRef = FD690D601DAAC9CF00A9C9D3 /* PDFButtonViewController.swift */; };
		FDB1D4E91DA17F820009CFCC /* EventTableViewController.swift in Sources */ = {isa = PBXBuildFile; fileRef = FDB1D4E81DA17F820009CFCC /* EventTableViewController.swift */; };
		FDB1D4F11DA19C3D0009CFCC /* EventCell.swift in Sources */ = {isa = PBXBuildFile; fileRef = FDB1D4F01DA19C3D0009CFCC /* EventCell.swift */; };
		FDC371CA1DA95FB200938392 /* PDFViewController.swift in Sources */ = {isa = PBXBuildFile; fileRef = FDC371C91DA95FB200938392 /* PDFViewController.swift */; };
		FDC371CD1DA965B100938392 /* Calendar.storyboard in Resources */ = {isa = PBXBuildFile; fileRef = FDC371CB1DA965B100938392 /* Calendar.storyboard */; };

/* End PBXBuildFile section */

/* Begin PBXContainerItemProxy section */
		FAA3462E1D9B0608002D9F17 /* PBXContainerItemProxy */ = {
			isa = PBXContainerItemProxy;
			containerPortal = FAA346111D9B0607002D9F17 /* Project object */;
			proxyType = 1;
			remoteGlobalIDString = FAA346181D9B0607002D9F17;
			remoteInfo = kusd;
		};
		FAA346391D9B0608002D9F17 /* PBXContainerItemProxy */ = {
			isa = PBXContainerItemProxy;
			containerPortal = FAA346111D9B0607002D9F17 /* Project object */;
			proxyType = 1;
			remoteGlobalIDString = FAA346181D9B0607002D9F17;
			remoteInfo = kusd;
		};
/* End PBXContainerItemProxy section */

/* Begin PBXFileReference section */
		C225A5E61DA9B244007CEEB8 /* Extensions.swift */ = {isa = PBXFileReference; fileEncoding = 4; lastKnownFileType = sourcecode.swift; path = Extensions.swift; sourceTree = "<group>"; };
		C225A5E81DA9B254007CEEB8 /* CollapsibleTableViewHeader.swift */ = {isa = PBXFileReference; fileEncoding = 4; lastKnownFileType = sourcecode.swift; path = CollapsibleTableViewHeader.swift; sourceTree = "<group>"; };
		C225A5EA1DA9B25A007CEEB8 /* CollapsibleTableViewController.swift */ = {isa = PBXFileReference; fileEncoding = 4; lastKnownFileType = sourcecode.swift; path = CollapsibleTableViewController.swift; sourceTree = "<group>"; };
		C2CE038C1DA73609002581C4 /* LunchPDFViewController.swift */ = {isa = PBXFileReference; fileEncoding = 4; lastKnownFileType = sourcecode.swift; path = LunchPDFViewController.swift; sourceTree = "<group>"; };
		C2E313CD1DAB38E200E9A91F /* Base */ = {isa = PBXFileReference; lastKnownFileType = file.storyboard; name = Base; path = Base.lproj/Lunch.storyboard; sourceTree = "<group>"; };
		18566EFA9FEEEDBC1608FE1A /* Pods-kusdUITests.debug.xcconfig */ = {isa = PBXFileReference; includeInIndex = 1; lastKnownFileType = text.xcconfig; name = "Pods-kusdUITests.debug.xcconfig"; path = "Pods/Target Support Files/Pods-kusdUITests/Pods-kusdUITests.debug.xcconfig"; sourceTree = "<group>"; };
		2D5F54ACE2D461632BCD6191 /* Pods-kusdTests.release.xcconfig */ = {isa = PBXFileReference; includeInIndex = 1; lastKnownFileType = text.xcconfig; name = "Pods-kusdTests.release.xcconfig"; path = "Pods/Target Support Files/Pods-kusdTests/Pods-kusdTests.release.xcconfig"; sourceTree = "<group>"; };
		3BD75F96855F29CE862F603E /* Pods-kusd.debug.xcconfig */ = {isa = PBXFileReference; includeInIndex = 1; lastKnownFileType = text.xcconfig; name = "Pods-kusd.debug.xcconfig"; path = "Pods/Target Support Files/Pods-kusd/Pods-kusd.debug.xcconfig"; sourceTree = "<group>"; };
		49B6E33982561F84FAB6F0EB /* Pods_kusd.framework */ = {isa = PBXFileReference; explicitFileType = wrapper.framework; includeInIndex = 0; path = Pods_kusd.framework; sourceTree = BUILT_PRODUCTS_DIR; };
		64F7805FFED3EFB894718913 /* Pods-kusdUITests.release.xcconfig */ = {isa = PBXFileReference; includeInIndex = 1; lastKnownFileType = text.xcconfig; name = "Pods-kusdUITests.release.xcconfig"; path = "Pods/Target Support Files/Pods-kusdUITests/Pods-kusdUITests.release.xcconfig"; sourceTree = "<group>"; };
		9595222AF8CCD0E8768FD758 /* Pods-kusdTests.debug.xcconfig */ = {isa = PBXFileReference; includeInIndex = 1; lastKnownFileType = text.xcconfig; name = "Pods-kusdTests.debug.xcconfig"; path = "Pods/Target Support Files/Pods-kusdTests/Pods-kusdTests.debug.xcconfig"; sourceTree = "<group>"; };
		ADD4F9750C297A9C7074304D /* Pods_kusdUITests.framework */ = {isa = PBXFileReference; explicitFileType = wrapper.framework; includeInIndex = 0; path = Pods_kusdUITests.framework; sourceTree = BUILT_PRODUCTS_DIR; };
		F851520B0E7B47440E246FCB /* Pods-kusd.release.xcconfig */ = {isa = PBXFileReference; includeInIndex = 1; lastKnownFileType = text.xcconfig; name = "Pods-kusd.release.xcconfig"; path = "Pods/Target Support Files/Pods-kusd/Pods-kusd.release.xcconfig"; sourceTree = "<group>"; };
		FA0B11251DA0771A00ACCE92 /* NewsTableViewController.swift */ = {isa = PBXFileReference; fileEncoding = 4; lastKnownFileType = sourcecode.swift; path = NewsTableViewController.swift; sourceTree = "<group>"; };
		FA4BAD3A1D9C0A1D00B24F28 /* CollectionViewCell.swift */ = {isa = PBXFileReference; fileEncoding = 4; lastKnownFileType = sourcecode.swift; path = CollectionViewCell.swift; sourceTree = "<group>"; };
		FA6FE3071DA2FDD2005A08A9 /* NewsPageViewController.swift */ = {isa = PBXFileReference; fileEncoding = 4; lastKnownFileType = sourcecode.swift; path = NewsPageViewController.swift; sourceTree = "<group>"; };
		FA6FE30A1DA3003E005A08A9 /* News.swift */ = {isa = PBXFileReference; fileEncoding = 4; lastKnownFileType = sourcecode.swift; path = News.swift; sourceTree = "<group>"; };
		FA7074A11DA9C5320031244D /* Base */ = {isa = PBXFileReference; lastKnownFileType = file.storyboard; name = Base; path = Base.lproj/News.storyboard; sourceTree = "<group>"; };
		FAA346191D9B0608002D9F17 /* kusd.app */ = {isa = PBXFileReference; explicitFileType = wrapper.application; includeInIndex = 0; path = kusd.app; sourceTree = BUILT_PRODUCTS_DIR; };
		FAA3461C1D9B0608002D9F17 /* AppDelegate.swift */ = {isa = PBXFileReference; lastKnownFileType = sourcecode.swift; path = AppDelegate.swift; sourceTree = "<group>"; };
		FAA346211D9B0608002D9F17 /* Base */ = {isa = PBXFileReference; lastKnownFileType = file.storyboard; name = Base; path = Base.lproj/Main.storyboard; sourceTree = "<group>"; };
		FAA346261D9B0608002D9F17 /* Base */ = {isa = PBXFileReference; lastKnownFileType = file.storyboard; name = Base; path = Base.lproj/LaunchScreen.storyboard; sourceTree = "<group>"; };
		FAA346281D9B0608002D9F17 /* Info.plist */ = {isa = PBXFileReference; lastKnownFileType = text.plist.xml; path = Info.plist; sourceTree = "<group>"; };
		FAA3462D1D9B0608002D9F17 /* kusdTests.xctest */ = {isa = PBXFileReference; explicitFileType = wrapper.cfbundle; includeInIndex = 0; path = kusdTests.xctest; sourceTree = BUILT_PRODUCTS_DIR; };
		FAA346311D9B0608002D9F17 /* kusdTests.swift */ = {isa = PBXFileReference; lastKnownFileType = sourcecode.swift; path = kusdTests.swift; sourceTree = "<group>"; };
		FAA346331D9B0608002D9F17 /* Info.plist */ = {isa = PBXFileReference; lastKnownFileType = text.plist.xml; path = Info.plist; sourceTree = "<group>"; };
		FAA346381D9B0608002D9F17 /* kusdUITests.xctest */ = {isa = PBXFileReference; explicitFileType = wrapper.cfbundle; includeInIndex = 0; path = kusdUITests.xctest; sourceTree = BUILT_PRODUCTS_DIR; };
		FAA3463C1D9B0608002D9F17 /* kusdUITests.swift */ = {isa = PBXFileReference; lastKnownFileType = sourcecode.swift; path = kusdUITests.swift; sourceTree = "<group>"; };
		FAA3463E1D9B0608002D9F17 /* Info.plist */ = {isa = PBXFileReference; lastKnownFileType = text.plist.xml; path = Info.plist; sourceTree = "<group>"; };
		FAAA51691D9B36AC00606FFF /* Media.xcassets */ = {isa = PBXFileReference; lastKnownFileType = folder.assetcatalog; path = Media.xcassets; sourceTree = "<group>"; };
		FAAA516B1D9B5ADC00606FFF /* HomePageViewController.swift */ = {isa = PBXFileReference; fileEncoding = 4; lastKnownFileType = sourcecode.swift; path = HomePageViewController.swift; sourceTree = "<group>"; };
		FAAA516D1D9B5BC600606FFF /* CollectionViewController.swift */ = {isa = PBXFileReference; fileEncoding = 4; lastKnownFileType = sourcecode.swift; path = CollectionViewController.swift; sourceTree = "<group>"; };
		FABC5E741DA733E000864611 /* Story.swift */ = {isa = PBXFileReference; fileEncoding = 4; lastKnownFileType = sourcecode.swift; path = Story.swift; sourceTree = "<group>"; };
		FAE5E2EC1DAC783900859085 /* NewsTableViewCell.swift */ = {isa = PBXFileReference; fileEncoding = 4; lastKnownFileType = sourcecode.swift; path = NewsTableViewCell.swift; sourceTree = "<group>"; };
		FD0E53471DA3362300263888 /* PDFCell.swift */ = {isa = PBXFileReference; fileEncoding = 4; lastKnownFileType = sourcecode.swift; path = PDFCell.swift; sourceTree = "<group>"; };
		FD690D601DAAC9CF00A9C9D3 /* PDFButtonViewController.swift */ = {isa = PBXFileReference; fileEncoding = 4; lastKnownFileType = sourcecode.swift; path = PDFButtonViewController.swift; sourceTree = "<group>"; };
		FDB1D4E81DA17F820009CFCC /* EventTableViewController.swift */ = {isa = PBXFileReference; fileEncoding = 4; lastKnownFileType = sourcecode.swift; path = EventTableViewController.swift; sourceTree = "<group>"; };
		FDB1D4F01DA19C3D0009CFCC /* EventCell.swift */ = {isa = PBXFileReference; fileEncoding = 4; lastKnownFileType = sourcecode.swift; path = EventCell.swift; sourceTree = "<group>"; };
		FDC371C91DA95FB200938392 /* PDFViewController.swift */ = {isa = PBXFileReference; fileEncoding = 4; lastKnownFileType = sourcecode.swift; path = PDFViewController.swift; sourceTree = "<group>"; };
		FDC371CC1DA965B100938392 /* Base */ = {isa = PBXFileReference; lastKnownFileType = file.storyboard; name = Base; path = Base.lproj/Calendar.storyboard; sourceTree = "<group>"; };

		FE0BCEEA0CD850DAD74D398F /* Pods_kusdTests.framework */ = {isa = PBXFileReference; explicitFileType = wrapper.framework; includeInIndex = 0; path = Pods_kusdTests.framework; sourceTree = BUILT_PRODUCTS_DIR; };
/* End PBXFileReference section */

/* Begin PBXFrameworksBuildPhase section */
		FAA346161D9B0607002D9F17 /* Frameworks */ = {
			isa = PBXFrameworksBuildPhase;
			buildActionMask = 2147483647;
			files = (
				138EF591910EFD9D3EE799BC /* Pods_kusd.framework in Frameworks */,
			);
			runOnlyForDeploymentPostprocessing = 0;
		};
		FAA3462A1D9B0608002D9F17 /* Frameworks */ = {
			isa = PBXFrameworksBuildPhase;
			buildActionMask = 2147483647;
			files = (
				C94BAF23B85DDAFCE409D070 /* Pods_kusdTests.framework in Frameworks */,
			);
			runOnlyForDeploymentPostprocessing = 0;
		};
		FAA346351D9B0608002D9F17 /* Frameworks */ = {
			isa = PBXFrameworksBuildPhase;
			buildActionMask = 2147483647;
			files = (
				5CF0E8F33567778E953F73CA /* Pods_kusdUITests.framework in Frameworks */,
			);
			runOnlyForDeploymentPostprocessing = 0;
		};
/* End PBXFrameworksBuildPhase section */

/* Begin PBXGroup section */
		3BEF6E44B17788F40CE7BBD1 /* Frameworks */ = {
			isa = PBXGroup;
			children = (
				49B6E33982561F84FAB6F0EB /* Pods_kusd.framework */,
				FE0BCEEA0CD850DAD74D398F /* Pods_kusdTests.framework */,
				ADD4F9750C297A9C7074304D /* Pods_kusdUITests.framework */,
			);
			name = Frameworks;
			sourceTree = "<group>";
		};
		EE50E221A635F15E9904C777 /* Pods */ = {
			isa = PBXGroup;
			children = (
				3BD75F96855F29CE862F603E /* Pods-kusd.debug.xcconfig */,
				F851520B0E7B47440E246FCB /* Pods-kusd.release.xcconfig */,
				9595222AF8CCD0E8768FD758 /* Pods-kusdTests.debug.xcconfig */,
				2D5F54ACE2D461632BCD6191 /* Pods-kusdTests.release.xcconfig */,
				18566EFA9FEEEDBC1608FE1A /* Pods-kusdUITests.debug.xcconfig */,
				64F7805FFED3EFB894718913 /* Pods-kusdUITests.release.xcconfig */,
			);
			name = Pods;
			sourceTree = "<group>";
		};
		FA4BAD3C1D9C1D2400B24F28 /* View Controllers */ = {
			isa = PBXGroup;
			children = (
				FAAA516D1D9B5BC600606FFF /* CollectionViewController.swift */,
				C225A5E81DA9B254007CEEB8 /* CollapsibleTableViewHeader.swift */,
				C225A5EA1DA9B25A007CEEB8 /* CollapsibleTableViewController.swift */,
				FAAA516B1D9B5ADC00606FFF /* HomePageViewController.swift */,
				C2CE038C1DA73609002581C4 /* LunchPDFViewController.swift */,

				FDB1D4E81DA17F820009CFCC /* EventTableViewController.swift */,
				FD690D601DAAC9CF00A9C9D3 /* PDFButtonViewController.swift */,
				FDC371C91DA95FB200938392 /* PDFViewController.swift */,

				FA0B11251DA0771A00ACCE92 /* NewsTableViewController.swift */,
				FA6FE3071DA2FDD2005A08A9 /* NewsPageViewController.swift */,
			);
			name = "View Controllers";
			sourceTree = "<group>";
		};
		FA4BAD3D1D9C1D4E00B24F28 /* Views */ = {
			isa = PBXGroup;
			children = (
				FAE5E2EC1DAC783900859085 /* NewsTableViewCell.swift */,
				FA4BAD3A1D9C0A1D00B24F28 /* CollectionViewCell.swift */,
				C225A5E61DA9B244007CEEB8 /* Extensions.swift */,
				FDB1D4F01DA19C3D0009CFCC /* EventCell.swift */,
				FD0E53471DA3362300263888 /* PDFCell.swift */,

			);
			name = Views;
			sourceTree = "<group>";
		};
		FA4BAD3E1D9C1D6100B24F28 /* App */ = {
			isa = PBXGroup;
			children = (
				FAA3461C1D9B0608002D9F17 /* AppDelegate.swift */,
			);
			name = App;
			sourceTree = "<group>";
		};
		FA6FE3091DA30021005A08A9 /* Model */ = {
			isa = PBXGroup;
			children = (
				FA6FE30A1DA3003E005A08A9 /* News.swift */,
				FABC5E741DA733E000864611 /* Story.swift */,
			);
			name = Model;
			sourceTree = "<group>";
		};
		FAA346101D9B0607002D9F17 = {
			isa = PBXGroup;
			children = (
				FAA3461B1D9B0608002D9F17 /* kusd */,
				FAA346301D9B0608002D9F17 /* kusdTests */,
				FAA3463B1D9B0608002D9F17 /* kusdUITests */,
				FAA3461A1D9B0608002D9F17 /* Products */,
				EE50E221A635F15E9904C777 /* Pods */,
				3BEF6E44B17788F40CE7BBD1 /* Frameworks */,
			);
			sourceTree = "<group>";
		};
		FAA3461A1D9B0608002D9F17 /* Products */ = {
			isa = PBXGroup;
			children = (
				FAA346191D9B0608002D9F17 /* kusd.app */,
				FAA3462D1D9B0608002D9F17 /* kusdTests.xctest */,
				FAA346381D9B0608002D9F17 /* kusdUITests.xctest */,
			);
			name = Products;
			sourceTree = "<group>";
		};
		FAA3461B1D9B0608002D9F17 /* kusd */ = {
			isa = PBXGroup;
			children = (
				FA4BAD3E1D9C1D6100B24F28 /* App */,
				FA6FE3091DA30021005A08A9 /* Model */,
				FA4BAD3D1D9C1D4E00B24F28 /* Views */,
				FA4BAD3C1D9C1D2400B24F28 /* View Controllers */,
				FAA346201D9B0608002D9F17 /* Main.storyboard */,
				C2E313CC1DAB38E200E9A91F /* Lunch.storyboard */,
				FDC371CB1DA965B100938392 /* Calendar.storyboard */,
				FA7074A01DA9C5320031244D /* News.storyboard */,
				FAAA51691D9B36AC00606FFF /* Media.xcassets */,
				FAA346251D9B0608002D9F17 /* LaunchScreen.storyboard */,
				FAA346281D9B0608002D9F17 /* Info.plist */,
			);
			path = kusd;
			sourceTree = "<group>";
		};
		FAA346301D9B0608002D9F17 /* kusdTests */ = {
			isa = PBXGroup;
			children = (
				FAA346311D9B0608002D9F17 /* kusdTests.swift */,
				FAA346331D9B0608002D9F17 /* Info.plist */,
			);
			path = kusdTests;
			sourceTree = "<group>";
		};
		FAA3463B1D9B0608002D9F17 /* kusdUITests */ = {
			isa = PBXGroup;
			children = (
				FAA3463C1D9B0608002D9F17 /* kusdUITests.swift */,
				FAA3463E1D9B0608002D9F17 /* Info.plist */,
			);
			path = kusdUITests;
			sourceTree = "<group>";
		};
/* End PBXGroup section */

/* Begin PBXNativeTarget section */
		FAA346181D9B0607002D9F17 /* kusd */ = {
			isa = PBXNativeTarget;
			buildConfigurationList = FAA346411D9B0608002D9F17 /* Build configuration list for PBXNativeTarget "kusd" */;
			buildPhases = (
				AA71B26ED9DC80826038AD74 /* [CP] Check Pods Manifest.lock */,
				FAA346151D9B0607002D9F17 /* Sources */,
				FAA346161D9B0607002D9F17 /* Frameworks */,
				FAA346171D9B0607002D9F17 /* Resources */,
				F7A8EB96D653732BCB9DA497 /* [CP] Embed Pods Frameworks */,
				D3B8286FA5B3F6FE0663CF2E /* [CP] Copy Pods Resources */,
			);
			buildRules = (
			);
			dependencies = (
			);
			name = kusd;
			productName = kusd;
			productReference = FAA346191D9B0608002D9F17 /* kusd.app */;
			productType = "com.apple.product-type.application";
		};
		FAA3462C1D9B0608002D9F17 /* kusdTests */ = {
			isa = PBXNativeTarget;
			buildConfigurationList = FAA346441D9B0608002D9F17 /* Build configuration list for PBXNativeTarget "kusdTests" */;
			buildPhases = (
				AAAFA5BF714E76B1FA0ABAB2 /* [CP] Check Pods Manifest.lock */,
				FAA346291D9B0608002D9F17 /* Sources */,
				FAA3462A1D9B0608002D9F17 /* Frameworks */,
				FAA3462B1D9B0608002D9F17 /* Resources */,
				63ABC7562EB3D799C566EA0F /* [CP] Embed Pods Frameworks */,
				90DE1EABC63F6E4FB4C5D818 /* [CP] Copy Pods Resources */,
			);
			buildRules = (
			);
			dependencies = (
				FAA3462F1D9B0608002D9F17 /* PBXTargetDependency */,
			);
			name = kusdTests;
			productName = kusdTests;
			productReference = FAA3462D1D9B0608002D9F17 /* kusdTests.xctest */;
			productType = "com.apple.product-type.bundle.unit-test";
		};
		FAA346371D9B0608002D9F17 /* kusdUITests */ = {
			isa = PBXNativeTarget;
			buildConfigurationList = FAA346471D9B0608002D9F17 /* Build configuration list for PBXNativeTarget "kusdUITests" */;
			buildPhases = (
				80A7DF8376CA49BCFACB052D /* [CP] Check Pods Manifest.lock */,
				FAA346341D9B0608002D9F17 /* Sources */,
				FAA346351D9B0608002D9F17 /* Frameworks */,
				FAA346361D9B0608002D9F17 /* Resources */,
				D9AE842C0F8DCE1BE556A1F7 /* [CP] Copy Pods Resources */,
			);
			buildRules = (
			);
			dependencies = (
				FAA3463A1D9B0608002D9F17 /* PBXTargetDependency */,
			);
			name = kusdUITests;
			productName = kusdUITests;
			productReference = FAA346381D9B0608002D9F17 /* kusdUITests.xctest */;
			productType = "com.apple.product-type.bundle.ui-testing";
		};
/* End PBXNativeTarget section */

/* Begin PBXProject section */
		FAA346111D9B0607002D9F17 /* Project object */ = {
			isa = PBXProject;
			attributes = {
				LastSwiftMigration = 0730;
				LastSwiftUpdateCheck = 0800;
				LastUpgradeCheck = 0800;
				ORGANIZATIONNAME = uwp;
				TargetAttributes = {
					FAA346181D9B0607002D9F17 = {
						CreatedOnToolsVersion = 8.0;
						LastSwiftMigration = 0800;
						ProvisioningStyle = Automatic;
					};
					FAA3462C1D9B0608002D9F17 = {
						CreatedOnToolsVersion = 8.0;
						LastSwiftMigration = 0800;
						ProvisioningStyle = Automatic;
						TestTargetID = FAA346181D9B0607002D9F17;
					};
					FAA346371D9B0608002D9F17 = {
						CreatedOnToolsVersion = 8.0;
						LastSwiftMigration = 0800;
						ProvisioningStyle = Automatic;
						TestTargetID = FAA346181D9B0607002D9F17;
					};
				};
			};
			buildConfigurationList = FAA346141D9B0607002D9F17 /* Build configuration list for PBXProject "kusd" */;
			compatibilityVersion = "Xcode 3.2";
			developmentRegion = English;
			hasScannedForEncodings = 0;
			knownRegions = (
				en,
				Base,
			);
			mainGroup = FAA346101D9B0607002D9F17;
			productRefGroup = FAA3461A1D9B0608002D9F17 /* Products */;
			projectDirPath = "";
			projectRoot = "";
			targets = (
				FAA346181D9B0607002D9F17 /* kusd */,
				FAA3462C1D9B0608002D9F17 /* kusdTests */,
				FAA346371D9B0608002D9F17 /* kusdUITests */,
			);
		};
/* End PBXProject section */

/* Begin PBXResourcesBuildPhase section */
		FAA346171D9B0607002D9F17 /* Resources */ = {
			isa = PBXResourcesBuildPhase;
			buildActionMask = 2147483647;
			files = (
				FDC371CD1DA965B100938392 /* Calendar.storyboard in Resources */,
				FAA346271D9B0608002D9F17 /* LaunchScreen.storyboard in Resources */,
				C2E313CE1DAB38E200E9A91F /* Lunch.storyboard in Resources */,
				FAAA516A1D9B36AC00606FFF /* Media.xcassets in Resources */,
				FAA346221D9B0608002D9F17 /* Main.storyboard in Resources */,
				FA7074A21DA9C5320031244D /* News.storyboard in Resources */,
			);
			runOnlyForDeploymentPostprocessing = 0;
		};
		FAA3462B1D9B0608002D9F17 /* Resources */ = {
			isa = PBXResourcesBuildPhase;
			buildActionMask = 2147483647;
			files = (
			);
			runOnlyForDeploymentPostprocessing = 0;
		};
		FAA346361D9B0608002D9F17 /* Resources */ = {
			isa = PBXResourcesBuildPhase;
			buildActionMask = 2147483647;
			files = (
			);
			runOnlyForDeploymentPostprocessing = 0;
		};
/* End PBXResourcesBuildPhase section */

/* Begin PBXShellScriptBuildPhase section */
		63ABC7562EB3D799C566EA0F /* [CP] Embed Pods Frameworks */ = {
			isa = PBXShellScriptBuildPhase;
			buildActionMask = 2147483647;
			files = (
			);
			inputPaths = (
			);
			name = "[CP] Embed Pods Frameworks";
			outputPaths = (
			);
			runOnlyForDeploymentPostprocessing = 0;
			shellPath = /bin/sh;
			shellScript = "\"${SRCROOT}/Pods/Target Support Files/Pods-kusdTests/Pods-kusdTests-frameworks.sh\"\n";
			showEnvVarsInLog = 0;
		};
		80A7DF8376CA49BCFACB052D /* [CP] Check Pods Manifest.lock */ = {
			isa = PBXShellScriptBuildPhase;
			buildActionMask = 2147483647;
			files = (
			);
			inputPaths = (
			);
			name = "[CP] Check Pods Manifest.lock";
			outputPaths = (
			);
			runOnlyForDeploymentPostprocessing = 0;
			shellPath = /bin/sh;
			shellScript = "diff \"${PODS_ROOT}/../Podfile.lock\" \"${PODS_ROOT}/Manifest.lock\" > /dev/null\nif [[ $? != 0 ]] ; then\n    cat << EOM\nerror: The sandbox is not in sync with the Podfile.lock. Run 'pod install' or update your CocoaPods installation.\nEOM\n    exit 1\nfi\n";
			showEnvVarsInLog = 0;
		};
		90DE1EABC63F6E4FB4C5D818 /* [CP] Copy Pods Resources */ = {
			isa = PBXShellScriptBuildPhase;
			buildActionMask = 2147483647;
			files = (
			);
			inputPaths = (
			);
			name = "[CP] Copy Pods Resources";
			outputPaths = (
			);
			runOnlyForDeploymentPostprocessing = 0;
			shellPath = /bin/sh;
			shellScript = "\"${SRCROOT}/Pods/Target Support Files/Pods-kusdTests/Pods-kusdTests-resources.sh\"\n";
			showEnvVarsInLog = 0;
		};
		AA71B26ED9DC80826038AD74 /* [CP] Check Pods Manifest.lock */ = {
			isa = PBXShellScriptBuildPhase;
			buildActionMask = 2147483647;
			files = (
			);
			inputPaths = (
			);
			name = "[CP] Check Pods Manifest.lock";
			outputPaths = (
			);
			runOnlyForDeploymentPostprocessing = 0;
			shellPath = /bin/sh;
			shellScript = "diff \"${PODS_ROOT}/../Podfile.lock\" \"${PODS_ROOT}/Manifest.lock\" > /dev/null\nif [[ $? != 0 ]] ; then\n    cat << EOM\nerror: The sandbox is not in sync with the Podfile.lock. Run 'pod install' or update your CocoaPods installation.\nEOM\n    exit 1\nfi\n";
			showEnvVarsInLog = 0;
		};
		AAAFA5BF714E76B1FA0ABAB2 /* [CP] Check Pods Manifest.lock */ = {
			isa = PBXShellScriptBuildPhase;
			buildActionMask = 2147483647;
			files = (
			);
			inputPaths = (
			);
			name = "[CP] Check Pods Manifest.lock";
			outputPaths = (
			);
			runOnlyForDeploymentPostprocessing = 0;
			shellPath = /bin/sh;
			shellScript = "diff \"${PODS_ROOT}/../Podfile.lock\" \"${PODS_ROOT}/Manifest.lock\" > /dev/null\nif [[ $? != 0 ]] ; then\n    cat << EOM\nerror: The sandbox is not in sync with the Podfile.lock. Run 'pod install' or update your CocoaPods installation.\nEOM\n    exit 1\nfi\n";
			showEnvVarsInLog = 0;
		};
		D3B8286FA5B3F6FE0663CF2E /* [CP] Copy Pods Resources */ = {
			isa = PBXShellScriptBuildPhase;
			buildActionMask = 2147483647;
			files = (
			);
			inputPaths = (
			);
			name = "[CP] Copy Pods Resources";
			outputPaths = (
			);
			runOnlyForDeploymentPostprocessing = 0;
			shellPath = /bin/sh;
			shellScript = "\"${SRCROOT}/Pods/Target Support Files/Pods-kusd/Pods-kusd-resources.sh\"\n";
			showEnvVarsInLog = 0;
		};
		D9AE842C0F8DCE1BE556A1F7 /* [CP] Copy Pods Resources */ = {
			isa = PBXShellScriptBuildPhase;
			buildActionMask = 2147483647;
			files = (
			);
			inputPaths = (
			);
			name = "[CP] Copy Pods Resources";
			outputPaths = (
			);
			runOnlyForDeploymentPostprocessing = 0;
			shellPath = /bin/sh;
			shellScript = "\"${SRCROOT}/Pods/Target Support Files/Pods-kusdUITests/Pods-kusdUITests-resources.sh\"\n";
			showEnvVarsInLog = 0;
		};
		F7A8EB96D653732BCB9DA497 /* [CP] Embed Pods Frameworks */ = {
			isa = PBXShellScriptBuildPhase;
			buildActionMask = 2147483647;
			files = (
			);
			inputPaths = (
			);
			name = "[CP] Embed Pods Frameworks";
			outputPaths = (
			);
			runOnlyForDeploymentPostprocessing = 0;
			shellPath = /bin/sh;
			shellScript = "\"${SRCROOT}/Pods/Target Support Files/Pods-kusd/Pods-kusd-frameworks.sh\"\n";
			showEnvVarsInLog = 0;
		};
/* End PBXShellScriptBuildPhase section */

/* Begin PBXSourcesBuildPhase section */
		FAA346151D9B0607002D9F17 /* Sources */ = {
			isa = PBXSourcesBuildPhase;
			buildActionMask = 2147483647;
			files = (
				C225A5EB1DA9B25A007CEEB8 /* CollapsibleTableViewController.swift in Sources */,
				C225A5E71DA9B244007CEEB8 /* Extensions.swift in Sources */,
				FAAA516E1D9B5BC600606FFF /* CollectionViewController.swift in Sources */,
				C2CE038D1DA73609002581C4 /* LunchPDFViewController.swift in Sources */,
				C225A5E91DA9B254007CEEB8 /* CollapsibleTableViewHeader.swift in Sources */,
				FDC371CA1DA95FB200938392 /* PDFViewController.swift in Sources */,
				FD690D611DAAC9CF00A9C9D3 /* PDFButtonViewController.swift in Sources */,
				FAAA516E1D9B5BC600606FFF /* CollectionViewController.swift in Sources */,
				FDB1D4F11DA19C3D0009CFCC /* EventCell.swift in Sources */,
				FD0E53481DA3362300263888 /* PDFCell.swift in Sources */,
				FA0B11261DA0771A00ACCE92 /* NewsTableViewController.swift in Sources */,
				FA6FE30B1DA3003E005A08A9 /* News.swift in Sources */,
				FA6FE3081DA2FDD2005A08A9 /* NewsPageViewController.swift in Sources */,
				FAE5E2ED1DAC783900859085 /* NewsTableViewCell.swift in Sources */,
				FAAA516C1D9B5ADC00606FFF /* HomePageViewController.swift in Sources */,
				FA4BAD3B1D9C0A1D00B24F28 /* CollectionViewCell.swift in Sources */,
				FDB1D4E91DA17F820009CFCC /* EventTableViewController.swift in Sources */,
				FAA3461D1D9B0608002D9F17 /* AppDelegate.swift in Sources */,
				FABC5E751DA733E000864611 /* Story.swift in Sources */,
			);
			runOnlyForDeploymentPostprocessing = 0;
		};
		FAA346291D9B0608002D9F17 /* Sources */ = {
			isa = PBXSourcesBuildPhase;
			buildActionMask = 2147483647;
			files = (
				FAA346321D9B0608002D9F17 /* kusdTests.swift in Sources */,
			);
			runOnlyForDeploymentPostprocessing = 0;
		};
		FAA346341D9B0608002D9F17 /* Sources */ = {
			isa = PBXSourcesBuildPhase;
			buildActionMask = 2147483647;
			files = (
				FAA3463D1D9B0608002D9F17 /* kusdUITests.swift in Sources */,
			);
			runOnlyForDeploymentPostprocessing = 0;
		};
/* End PBXSourcesBuildPhase section */

/* Begin PBXTargetDependency section */
		FAA3462F1D9B0608002D9F17 /* PBXTargetDependency */ = {
			isa = PBXTargetDependency;
			target = FAA346181D9B0607002D9F17 /* kusd */;
			targetProxy = FAA3462E1D9B0608002D9F17 /* PBXContainerItemProxy */;
		};
		FAA3463A1D9B0608002D9F17 /* PBXTargetDependency */ = {
			isa = PBXTargetDependency;
			target = FAA346181D9B0607002D9F17 /* kusd */;
			targetProxy = FAA346391D9B0608002D9F17 /* PBXContainerItemProxy */;
		};
/* End PBXTargetDependency section */

/* Begin PBXVariantGroup section */
		C2E313CC1DAB38E200E9A91F /* Lunch.storyboard */ = {
			isa = PBXVariantGroup;
			children = (
				C2E313CD1DAB38E200E9A91F /* Base */,
			);
			name = Lunch.storyboard;
		FA7074A01DA9C5320031244D /* News.storyboard */ = {
			isa = PBXVariantGroup;
			children = (
				FA7074A11DA9C5320031244D /* Base */,
			);
			name = News.storyboard;
			sourceTree = "<group>";
		};
		FAA346201D9B0608002D9F17 /* Main.storyboard */ = {
			isa = PBXVariantGroup;
			children = (
				FAA346211D9B0608002D9F17 /* Base */,
			);
			name = Main.storyboard;
			sourceTree = "<group>";
		};
		FAA346251D9B0608002D9F17 /* LaunchScreen.storyboard */ = {
			isa = PBXVariantGroup;
			children = (
				FAA346261D9B0608002D9F17 /* Base */,
			);
			name = LaunchScreen.storyboard;
			sourceTree = "<group>";
		};
		FDC371CB1DA965B100938392 /* Calendar.storyboard */ = {
			isa = PBXVariantGroup;
			children = (
				FDC371CC1DA965B100938392 /* Base */,
			);
			name = Calendar.storyboard;
			sourceTree = "<group>";
		};
/* End PBXVariantGroup section */

/* Begin XCBuildConfiguration section */
		FAA3463F1D9B0608002D9F17 /* Debug */ = {
			isa = XCBuildConfiguration;
			buildSettings = {
				ALWAYS_SEARCH_USER_PATHS = NO;
				CLANG_ANALYZER_NONNULL = YES;
				CLANG_CXX_LANGUAGE_STANDARD = "gnu++0x";
				CLANG_CXX_LIBRARY = "libc++";
				CLANG_ENABLE_MODULES = YES;
				CLANG_ENABLE_OBJC_ARC = YES;
				CLANG_WARN_BOOL_CONVERSION = YES;
				CLANG_WARN_CONSTANT_CONVERSION = YES;
				CLANG_WARN_DIRECT_OBJC_ISA_USAGE = YES_ERROR;
				CLANG_WARN_DOCUMENTATION_COMMENTS = YES;
				CLANG_WARN_EMPTY_BODY = YES;
				CLANG_WARN_ENUM_CONVERSION = YES;
				CLANG_WARN_INFINITE_RECURSION = YES;
				CLANG_WARN_INT_CONVERSION = YES;
				CLANG_WARN_OBJC_ROOT_CLASS = YES_ERROR;
				CLANG_WARN_SUSPICIOUS_MOVE = YES;
				CLANG_WARN_SUSPICIOUS_MOVES = YES;
				CLANG_WARN_UNREACHABLE_CODE = YES;
				CLANG_WARN__DUPLICATE_METHOD_MATCH = YES;
				"CODE_SIGN_IDENTITY[sdk=iphoneos*]" = "iPhone Developer";
				COPY_PHASE_STRIP = NO;
				DEBUG_INFORMATION_FORMAT = dwarf;
				ENABLE_STRICT_OBJC_MSGSEND = YES;
				ENABLE_TESTABILITY = YES;
				GCC_C_LANGUAGE_STANDARD = gnu99;
				GCC_DYNAMIC_NO_PIC = NO;
				GCC_NO_COMMON_BLOCKS = YES;
				GCC_OPTIMIZATION_LEVEL = 0;
				GCC_PREPROCESSOR_DEFINITIONS = (
					"DEBUG=1",
					"$(inherited)",
				);
				GCC_WARN_64_TO_32_BIT_CONVERSION = YES;
				GCC_WARN_ABOUT_RETURN_TYPE = YES_ERROR;
				GCC_WARN_UNDECLARED_SELECTOR = YES;
				GCC_WARN_UNINITIALIZED_AUTOS = YES_AGGRESSIVE;
				GCC_WARN_UNUSED_FUNCTION = YES;
				GCC_WARN_UNUSED_VARIABLE = YES;
				IPHONEOS_DEPLOYMENT_TARGET = 10.0;
				MTL_ENABLE_DEBUG_INFO = YES;
				ONLY_ACTIVE_ARCH = YES;
				SDKROOT = iphoneos;
				SWIFT_ACTIVE_COMPILATION_CONDITIONS = DEBUG;
				SWIFT_OPTIMIZATION_LEVEL = "-Onone";
			};
			name = Debug;
		};
		FAA346401D9B0608002D9F17 /* Release */ = {
			isa = XCBuildConfiguration;
			buildSettings = {
				ALWAYS_SEARCH_USER_PATHS = NO;
				CLANG_ANALYZER_NONNULL = YES;
				CLANG_CXX_LANGUAGE_STANDARD = "gnu++0x";
				CLANG_CXX_LIBRARY = "libc++";
				CLANG_ENABLE_MODULES = YES;
				CLANG_ENABLE_OBJC_ARC = YES;
				CLANG_WARN_BOOL_CONVERSION = YES;
				CLANG_WARN_CONSTANT_CONVERSION = YES;
				CLANG_WARN_DIRECT_OBJC_ISA_USAGE = YES_ERROR;
				CLANG_WARN_DOCUMENTATION_COMMENTS = YES;
				CLANG_WARN_EMPTY_BODY = YES;
				CLANG_WARN_ENUM_CONVERSION = YES;
				CLANG_WARN_INFINITE_RECURSION = YES;
				CLANG_WARN_INT_CONVERSION = YES;
				CLANG_WARN_OBJC_ROOT_CLASS = YES_ERROR;
				CLANG_WARN_SUSPICIOUS_MOVE = YES;
				CLANG_WARN_SUSPICIOUS_MOVES = YES;
				CLANG_WARN_UNREACHABLE_CODE = YES;
				CLANG_WARN__DUPLICATE_METHOD_MATCH = YES;
				"CODE_SIGN_IDENTITY[sdk=iphoneos*]" = "iPhone Developer";
				COPY_PHASE_STRIP = NO;
				DEBUG_INFORMATION_FORMAT = "dwarf-with-dsym";
				ENABLE_NS_ASSERTIONS = NO;
				ENABLE_STRICT_OBJC_MSGSEND = YES;
				GCC_C_LANGUAGE_STANDARD = gnu99;
				GCC_NO_COMMON_BLOCKS = YES;
				GCC_WARN_64_TO_32_BIT_CONVERSION = YES;
				GCC_WARN_ABOUT_RETURN_TYPE = YES_ERROR;
				GCC_WARN_UNDECLARED_SELECTOR = YES;
				GCC_WARN_UNINITIALIZED_AUTOS = YES_AGGRESSIVE;
				GCC_WARN_UNUSED_FUNCTION = YES;
				GCC_WARN_UNUSED_VARIABLE = YES;
				IPHONEOS_DEPLOYMENT_TARGET = 10.0;
				MTL_ENABLE_DEBUG_INFO = NO;
				SDKROOT = iphoneos;
				SWIFT_OPTIMIZATION_LEVEL = "-Owholemodule";
				VALIDATE_PRODUCT = YES;
			};
			name = Release;
		};
		FAA346421D9B0608002D9F17 /* Debug */ = {
			isa = XCBuildConfiguration;
			baseConfigurationReference = 3BD75F96855F29CE862F603E /* Pods-kusd.debug.xcconfig */;
			buildSettings = {
				ASSETCATALOG_COMPILER_APPICON_NAME = AppIcon;
				INFOPLIST_FILE = kusd/Info.plist;
				IPHONEOS_DEPLOYMENT_TARGET = 8.0;
				LD_RUNPATH_SEARCH_PATHS = "$(inherited) @executable_path/Frameworks";
				PRODUCT_BUNDLE_IDENTIFIER = edu.uwp.kusd;
				PRODUCT_NAME = "$(TARGET_NAME)";
				SWIFT_VERSION = 3.0;
			};
			name = Debug;
		};
		FAA346431D9B0608002D9F17 /* Release */ = {
			isa = XCBuildConfiguration;
			baseConfigurationReference = F851520B0E7B47440E246FCB /* Pods-kusd.release.xcconfig */;
			buildSettings = {
				ASSETCATALOG_COMPILER_APPICON_NAME = AppIcon;
				INFOPLIST_FILE = kusd/Info.plist;
				IPHONEOS_DEPLOYMENT_TARGET = 8.0;
				LD_RUNPATH_SEARCH_PATHS = "$(inherited) @executable_path/Frameworks";
				PRODUCT_BUNDLE_IDENTIFIER = edu.uwp.kusd;
				PRODUCT_NAME = "$(TARGET_NAME)";
				SWIFT_VERSION = 3.0;
			};
			name = Release;
		};
		FAA346451D9B0608002D9F17 /* Debug */ = {
			isa = XCBuildConfiguration;
			baseConfigurationReference = 9595222AF8CCD0E8768FD758 /* Pods-kusdTests.debug.xcconfig */;
			buildSettings = {
				ALWAYS_EMBED_SWIFT_STANDARD_LIBRARIES = YES;
				BUNDLE_LOADER = "$(TEST_HOST)";
				INFOPLIST_FILE = kusdTests/Info.plist;
				LD_RUNPATH_SEARCH_PATHS = "$(inherited) @executable_path/Frameworks @loader_path/Frameworks";
				PRODUCT_BUNDLE_IDENTIFIER = edu.uwp.kusdTests;
				PRODUCT_NAME = "$(TARGET_NAME)";
				SWIFT_VERSION = 3.0;
				TEST_HOST = "$(BUILT_PRODUCTS_DIR)/kusd.app/kusd";
			};
			name = Debug;
		};
		FAA346461D9B0608002D9F17 /* Release */ = {
			isa = XCBuildConfiguration;
			baseConfigurationReference = 2D5F54ACE2D461632BCD6191 /* Pods-kusdTests.release.xcconfig */;
			buildSettings = {
				ALWAYS_EMBED_SWIFT_STANDARD_LIBRARIES = YES;
				BUNDLE_LOADER = "$(TEST_HOST)";
				INFOPLIST_FILE = kusdTests/Info.plist;
				LD_RUNPATH_SEARCH_PATHS = "$(inherited) @executable_path/Frameworks @loader_path/Frameworks";
				PRODUCT_BUNDLE_IDENTIFIER = edu.uwp.kusdTests;
				PRODUCT_NAME = "$(TARGET_NAME)";
				SWIFT_VERSION = 3.0;
				TEST_HOST = "$(BUILT_PRODUCTS_DIR)/kusd.app/kusd";
			};
			name = Release;
		};
		FAA346481D9B0608002D9F17 /* Debug */ = {
			isa = XCBuildConfiguration;
			baseConfigurationReference = 18566EFA9FEEEDBC1608FE1A /* Pods-kusdUITests.debug.xcconfig */;
			buildSettings = {
				ALWAYS_EMBED_SWIFT_STANDARD_LIBRARIES = YES;
				INFOPLIST_FILE = kusdUITests/Info.plist;
				IPHONEOS_DEPLOYMENT_TARGET = 9.3;
				LD_RUNPATH_SEARCH_PATHS = "$(inherited) @executable_path/Frameworks @loader_path/Frameworks";
				PRODUCT_BUNDLE_IDENTIFIER = edu.uwp.kusdUITests;
				PRODUCT_NAME = "$(TARGET_NAME)";
				SWIFT_VERSION = 3.0;
				TEST_TARGET_NAME = kusd;
			};
			name = Debug;
		};
		FAA346491D9B0608002D9F17 /* Release */ = {
			isa = XCBuildConfiguration;
			baseConfigurationReference = 64F7805FFED3EFB894718913 /* Pods-kusdUITests.release.xcconfig */;
			buildSettings = {
				ALWAYS_EMBED_SWIFT_STANDARD_LIBRARIES = YES;
				INFOPLIST_FILE = kusdUITests/Info.plist;
				IPHONEOS_DEPLOYMENT_TARGET = 9.3;
				LD_RUNPATH_SEARCH_PATHS = "$(inherited) @executable_path/Frameworks @loader_path/Frameworks";
				PRODUCT_BUNDLE_IDENTIFIER = edu.uwp.kusdUITests;
				PRODUCT_NAME = "$(TARGET_NAME)";
				SWIFT_VERSION = 3.0;
				TEST_TARGET_NAME = kusd;
			};
			name = Release;
		};
/* End XCBuildConfiguration section */

/* Begin XCConfigurationList section */
		FAA346141D9B0607002D9F17 /* Build configuration list for PBXProject "kusd" */ = {
			isa = XCConfigurationList;
			buildConfigurations = (
				FAA3463F1D9B0608002D9F17 /* Debug */,
				FAA346401D9B0608002D9F17 /* Release */,
			);
			defaultConfigurationIsVisible = 0;
			defaultConfigurationName = Release;
		};
		FAA346411D9B0608002D9F17 /* Build configuration list for PBXNativeTarget "kusd" */ = {
			isa = XCConfigurationList;
			buildConfigurations = (
				FAA346421D9B0608002D9F17 /* Debug */,
				FAA346431D9B0608002D9F17 /* Release */,
			);
			defaultConfigurationIsVisible = 0;
			defaultConfigurationName = Release;
		};
		FAA346441D9B0608002D9F17 /* Build configuration list for PBXNativeTarget "kusdTests" */ = {
			isa = XCConfigurationList;
			buildConfigurations = (
				FAA346451D9B0608002D9F17 /* Debug */,
				FAA346461D9B0608002D9F17 /* Release */,
			);
			defaultConfigurationIsVisible = 0;
			defaultConfigurationName = Release;
		};
		FAA346471D9B0608002D9F17 /* Build configuration list for PBXNativeTarget "kusdUITests" */ = {
			isa = XCConfigurationList;
			buildConfigurations = (
				FAA346481D9B0608002D9F17 /* Debug */,
				FAA346491D9B0608002D9F17 /* Release */,
			);
			defaultConfigurationIsVisible = 0;
			defaultConfigurationName = Release;
		};
/* End XCConfigurationList section */
	};
	rootObject = FAA346111D9B0607002D9F17 /* Project object */;
}
